
Microsoft Visual Studio Solution File, Format Version 12.00
# Visual Studio Version 16
VisualStudioVersion = 16.0.30204.135
MinimumVisualStudioVersion = 10.0.40219.1
Project("{FAE04EC0-301F-11D3-BF4B-00C04F79EFBC}") = "PCANDevice", "PCANDevice\PCANDevice.csproj", "{72E67996-FC57-4F98-B400-A1E0C27BBF4C}"
EndProject
Global
	GlobalSection(SolutionConfigurationPlatforms) = preSolution
		Debug|Any CPU = Debug|Any CPU
		Release|Any CPU = Release|Any CPU
	EndGlobalSection
	GlobalSection(ProjectConfigurationPlatforms) = postSolution
		{72E67996-FC57-4F98-B400-A1E0C27BBF4C}.Debug|Any CPU.ActiveCfg = Debug|Any CPU
		{72E67996-FC57-4F98-B400-A1E0C27BBF4C}.Debug|Any CPU.Build.0 = Debug|Any CPU
		{72E67996-FC57-4F98-B400-A1E0C27BBF4C}.Release|Any CPU.ActiveCfg = Release|Any CPU
		{72E67996-FC57-4F98-B400-A1E0C27BBF4C}.Release|Any CPU.Build.0 = Release|Any CPU
	EndGlobalSection
	GlobalSection(SolutionProperties) = preSolution
		HideSolutionNode = FALSE
	EndGlobalSection
	GlobalSection(ExtensibilityGlobals) = postSolution
		SolutionGuid = {67EB2971-EFD2-4208-B39C-850EBB94F7CF}
	EndGlobalSection
EndGlobal
