
Microsoft Visual Studio Solution File, Format Version 12.00
# Visual Studio Version 16
VisualStudioVersion = 16.0.30204.135
MinimumVisualStudioVersion = 10.0.40219.1
Project("{9A19103F-16F7-4668-BE54-9A1E7A4F7556}") = "PCANDevice", "PCANDevice.csproj", "{6511B392-55A7-4F4F-BF09-62EB4F298FB2}"
EndProject
Global
	GlobalSection(SolutionConfigurationPlatforms) = preSolution
		Debug|Any CPU = Debug|Any CPU
		Release|Any CPU = Release|Any CPU
	EndGlobalSection
	GlobalSection(ProjectConfigurationPlatforms) = postSolution
		{6511B392-55A7-4F4F-BF09-62EB4F298FB2}.Debug|Any CPU.ActiveCfg = Debug|Any CPU
		{6511B392-55A7-4F4F-BF09-62EB4F298FB2}.Debug|Any CPU.Build.0 = Debug|Any CPU
		{6511B392-55A7-4F4F-BF09-62EB4F298FB2}.Release|Any CPU.ActiveCfg = Release|Any CPU
		{6511B392-55A7-4F4F-BF09-62EB4F298FB2}.Release|Any CPU.Build.0 = Release|Any CPU
	EndGlobalSection
	GlobalSection(SolutionProperties) = preSolution
		HideSolutionNode = FALSE
	EndGlobalSection
	GlobalSection(ExtensibilityGlobals) = postSolution
		SolutionGuid = {67EB2971-EFD2-4208-B39C-850EBB94F7CF}
	EndGlobalSection
EndGlobal
